
Microsoft Visual Studio Solution File, Format Version 12.00
# Visual Studio Version 17
VisualStudioVersion = 17.0.32014.148
MinimumVisualStudioVersion = 10.0.40219.1
Project("{9A19103F-16F7-4668-BE54-9A1E7A4F7556}") = "LifeDekApi", "LifeDekApi.csproj", "{83545E57-AC4F-4372-8DF3-087B50021EE1}"
EndProject
Global
	GlobalSection(SolutionConfigurationPlatforms) = preSolution
		Debug|Any CPU = Debug|Any CPU
		Release|Any CPU = Release|Any CPU
	EndGlobalSection
	GlobalSection(ProjectConfigurationPlatforms) = postSolution
		{83545E57-AC4F-4372-8DF3-087B50021EE1}.Debug|Any CPU.ActiveCfg = Debug|Any CPU
		{83545E57-AC4F-4372-8DF3-087B50021EE1}.Debug|Any CPU.Build.0 = Debug|Any CPU
		{83545E57-AC4F-4372-8DF3-087B50021EE1}.Release|Any CPU.ActiveCfg = Release|Any CPU
		{83545E57-AC4F-4372-8DF3-087B50021EE1}.Release|Any CPU.Build.0 = Release|Any CPU
	EndGlobalSection
	GlobalSection(SolutionProperties) = preSolution
		HideSolutionNode = FALSE
	EndGlobalSection
	GlobalSection(ExtensibilityGlobals) = postSolution
		SolutionGuid = {EC0C86C7-172E-4D65-8DAD-DB9CA57EE410}
	EndGlobalSection
EndGlobal
